{
  "name": "example",
  "version": "0.3.5",
  "lockfileVersion": 2,
  "requires": true,
  "packages": {
    "": {
      "name": "example",
      "version": "0.3.5",
      "license": "Apache-2.0",
      "dependencies": {
        "@deliberative/crypto": "file:deliberative-crypto-0.3.8.tgz"
      },
      "engines": {
        "node": ">=16",
        "npm": ">=8"
      }
    },
    "node_modules/@deliberative/crypto": {
      "version": "0.3.8",
      "resolved": "file:deliberative-crypto-0.3.8.tgz",
      "integrity": "sha512-Cd3oI9yBp0wzUNid2S1P9gL6SwonoyyOS3Xr1dE4Wd7jbadPG756ev21w+MMgvv2Xa/Udrlr6pLgMGOnFXYptg==",
      "license": "Apache-2.0",
      "engines": {
        "node": ">=16",
        "npm": ">=8"
      }
    }
  },
  "dependencies": {
    "@deliberative/crypto": {
      "version": "file:deliberative-crypto-0.3.8.tgz",
      "integrity": "sha512-Cd3oI9yBp0wzUNid2S1P9gL6SwonoyyOS3Xr1dE4Wd7jbadPG756ev21w+MMgvv2Xa/Udrlr6pLgMGOnFXYptg=="
    }
  }
}
